{
  "version": 4,
  "terraform_version": "1.6.5",
  "serial": 38,
  "lineage": "ea0c644e-6808-3315-339f-9492e09a9104",
  "outputs": {},
  "resources": [
    {
      "mode": "data",
      "type": "aws_iam_policy_document",
      "name": "s3_policy",
      "provider": "provider[\"registry.terraform.io/hashicorp/aws\"].deployment-ap",
      "instances": [
        {
          "schema_version": 0,
          "attributes": {
            "id": "3292179314",
            "json": "{\n  \"Version\": \"2012-10-17\",\n  \"Statement\": [\n    {\n      \"Effect\": \"Allow\",\n      \"Action\": \"s3:GetObject\",\n      \"Resource\": \"arn:aws:s3:::indyauction-assets-dev/*\",\n      \"Principal\": {\n        \"Service\": \"cloudfront.amazonaws.com\"\n      }\n    }\n  ]\n}",
            "override_policy_documents": null,
            "policy_id": null,
            "source_policy_documents": null,
            "statement": [
              {
                "actions": [
                  "s3:GetObject"
                ],
                "condition": [],
                "effect": "Allow",
                "not_actions": [],
                "not_principals": [],
                "not_resources": [],
                "principals": [
                  {
                    "identifiers": [
                      "cloudfront.amazonaws.com"
                    ],
                    "type": "Service"
                  }
                ],
                "resources": [
                  "arn:aws:s3:::indyauction-assets-dev/*"
                ],
                "sid": ""
              }
            ],
            "version": "2012-10-17"
          },
          "sensitive_attributes": []
        }
      ]
    },
    {
      "mode": "data",
      "type": "aws_route53_zone",
      "name": "domain_zone",
      "provider": "provider[\"registry.terraform.io/hashicorp/aws\"].main",
      "instances": [
        {
          "schema_version": 0,
          "attributes": {
            "arn": "arn:aws:route53:::hostedzone/Z025704116CQIAP0SY1NF",
            "caller_reference": "1d521961-66cd-423d-9bd5-112ce4b1402e",
            "comment": "",
            "id": "Z025704116CQIAP0SY1NF",
            "linked_service_description": null,
            "linked_service_principal": null,
            "name": "indyauction.net",
            "name_servers": [
              "ns-826.awsdns-39.net",
              "ns-295.awsdns-36.com",
              "ns-1668.awsdns-16.co.uk",
              "ns-1102.awsdns-09.org"
            ],
            "primary_name_server": "ns-826.awsdns-39.net",
            "private_zone": false,
            "resource_record_set_count": 70,
            "tags": {},
            "vpc_id": null,
            "zone_id": "Z025704116CQIAP0SY1NF"
          },
          "sensitive_attributes": []
        }
      ]
    },
    {
      "mode": "managed",
      "type": "aws_acm_certificate",
      "name": "cert_ap_south_1",
      "provider": "provider[\"registry.terraform.io/hashicorp/aws\"].deployment-ap",
      "instances": [
        {
          "schema_version": 0,
          "attributes": {
            "arn": "arn:aws:acm:eu-west-2:259943215050:certificate/5663381e-edb8-4031-a1af-eb6285a73362",
            "certificate_authority_arn": "",
            "certificate_body": null,
            "certificate_chain": null,
            "domain_name": "*.indyauction.net",
            "domain_validation_options": [
              {
                "domain_name": "*.indyauction.net",
                "resource_record_name": "_bcf910e532c6d04e03427acea2b99d46.indyauction.net.",
                "resource_record_type": "CNAME",
                "resource_record_value": "_3ddb97249b2ad7e7c0fee79ec800f6fd.mhbtsbpdnt.acm-validations.aws."
              }
            ],
            "early_renewal_duration": "",
            "id": "arn:aws:acm:eu-west-2:259943215050:certificate/5663381e-edb8-4031-a1af-eb6285a73362",
            "key_algorithm": "RSA_2048",
            "not_after": "",
            "not_before": "",
            "options": [
              {
                "certificate_transparency_logging_preference": "ENABLED"
              }
            ],
            "pending_renewal": false,
            "private_key": null,
            "renewal_eligibility": "INELIGIBLE",
            "renewal_summary": [],
            "status": "PENDING_VALIDATION",
            "subject_alternative_names": [
              "*.indyauction.net"
            ],
            "tags": null,
            "tags_all": {},
            "type": "AMAZON_ISSUED",
            "validation_emails": [],
            "validation_method": "DNS",
            "validation_option": []
          },
          "sensitive_attributes": [],
          "private": "bnVsbA==",
          "create_before_destroy": true
        }
      ]
    },
    {
      "mode": "managed",
      "type": "aws_acm_certificate",
      "name": "cert_us_east_1",
      "provider": "provider[\"registry.terraform.io/hashicorp/aws\"].deployment-us",
      "instances": [
        {
          "schema_version": 0,
          "attributes": {
            "arn": "arn:aws:acm:us-east-1:259943215050:certificate/88df7b5f-425e-4f1f-bb2f-c70e973b57d7",
            "certificate_authority_arn": "",
            "certificate_body": null,
            "certificate_chain": null,
            "domain_name": "*.indyauction.net",
            "domain_validation_options": [
              {
                "domain_name": "*.indyauction.net",
                "resource_record_name": "_bcf910e532c6d04e03427acea2b99d46.indyauction.net.",
                "resource_record_type": "CNAME",
                "resource_record_value": "_3ddb97249b2ad7e7c0fee79ec800f6fd.mhbtsbpdnt.acm-validations.aws."
              }
            ],
            "early_renewal_duration": "",
            "id": "arn:aws:acm:us-east-1:259943215050:certificate/88df7b5f-425e-4f1f-bb2f-c70e973b57d7",
            "key_algorithm": "RSA_2048",
            "not_after": "",
            "not_before": "",
            "options": [
              {
                "certificate_transparency_logging_preference": "ENABLED"
              }
            ],
            "pending_renewal": false,
            "private_key": null,
            "renewal_eligibility": "INELIGIBLE",
            "renewal_summary": [],
            "status": "PENDING_VALIDATION",
            "subject_alternative_names": [
              "*.indyauction.net"
            ],
            "tags": null,
            "tags_all": {},
            "type": "AMAZON_ISSUED",
            "validation_emails": [],
            "validation_method": "DNS",
            "validation_option": []
          },
          "sensitive_attributes": [],
          "private": "bnVsbA==",
          "create_before_destroy": true
        }
      ]
    },
    {
      "mode": "managed",
      "type": "aws_cloudfront_distribution",
      "name": "s3_distribution",
      "provider": "provider[\"registry.terraform.io/hashicorp/aws\"].deployment-ap",
      "instances": [
        {
          "schema_version": 1,
          "attributes": {
            "aliases": [
              "dev-cdn.indyauction.net"
            ],
            "arn": "arn:aws:cloudfront::259943215050:distribution/E3UFFHCKM7G949",
            "caller_reference": "terraform-20231213121845222800000002",
            "comment": "CDN for application",
            "continuous_deployment_policy_id": "",
            "custom_error_response": [],
            "default_cache_behavior": [
              {
                "allowed_methods": [
                  "DELETE",
                  "GET",
                  "HEAD",
                  "OPTIONS",
                  "PATCH",
                  "POST",
                  "PUT"
                ],
                "cache_policy_id": "",
                "cached_methods": [
                  "GET",
                  "HEAD"
                ],
                "compress": false,
                "default_ttl": 3600,
                "field_level_encryption_id": "",
                "forwarded_values": [
                  {
                    "cookies": [
                      {
                        "forward": "none",
                        "whitelisted_names": []
                      }
                    ],
                    "headers": [],
                    "query_string": false,
                    "query_string_cache_keys": []
                  }
                ],
                "function_association": [],
                "lambda_function_association": [],
                "max_ttl": 86400,
                "min_ttl": 0,
                "origin_request_policy_id": "",
                "realtime_log_config_arn": "",
                "response_headers_policy_id": "",
                "smooth_streaming": false,
                "target_origin_id": "myS3Origin",
                "trusted_key_groups": [],
                "trusted_signers": [],
                "viewer_protocol_policy": "allow-all"
              }
            ],
            "default_root_object": "",
            "domain_name": "di3u3xomkh7rh.cloudfront.net",
            "enabled": true,
            "etag": "E20D4ZVSSNEVIJ",
            "hosted_zone_id": "Z2FDTNDATAQYW2",
            "http_version": "http2",
            "id": "E3UFFHCKM7G949",
            "in_progress_validation_batches": 0,
            "is_ipv6_enabled": true,
            "last_modified_time": "2023-12-13 12:18:58.474 +0000 UTC",
            "logging_config": [],
            "ordered_cache_behavior": [],
            "origin": [
              {
                "connection_attempts": 3,
                "connection_timeout": 10,
                "custom_header": [],
                "custom_origin_config": [],
                "domain_name": "indyauction-assets-dev.s3.eu-west-2.amazonaws.com",
                "origin_access_control_id": "E4SUMW9CIP4TR",
                "origin_id": "myS3Origin",
                "origin_path": "",
                "origin_shield": [],
                "s3_origin_config": []
              }
            ],
            "origin_group": [],
            "price_class": "PriceClass_All",
            "restrictions": [
              {
                "geo_restriction": [
                  {
                    "locations": [],
                    "restriction_type": "none"
                  }
                ]
              }
            ],
            "retain_on_delete": false,
            "staging": false,
            "status": "Deployed",
            "tags": {
              "Environment": "dev"
            },
            "tags_all": {
              "Environment": "dev"
            },
            "trusted_key_groups": [
              {
                "enabled": false,
                "items": []
              }
            ],
            "trusted_signers": [
              {
                "enabled": false,
                "items": []
              }
            ],
            "viewer_certificate": [
              {
                "acm_certificate_arn": "arn:aws:acm:us-east-1:259943215050:certificate/88df7b5f-425e-4f1f-bb2f-c70e973b57d7",
                "cloudfront_default_certificate": false,
                "iam_certificate_id": "",
                "minimum_protocol_version": "TLSv1",
                "ssl_support_method": "sni-only"
              }
            ],
            "wait_for_deployment": true,
            "web_acl_id": ""
          },
          "sensitive_attributes": [],
          "private": "eyJzY2hlbWFfdmVyc2lvbiI6IjEifQ==",
          "dependencies": [
            "aws_acm_certificate.cert_us_east_1",
            "aws_cloudfront_origin_access_control.cdn",
            "aws_s3_bucket.assets"
          ]
        }
      ]
    },
    {
      "mode": "managed",
      "type": "aws_cloudfront_origin_access_control",
      "name": "cdn",
      "provider": "provider[\"registry.terraform.io/hashicorp/aws\"].deployment-ap",
      "instances": [
        {
          "schema_version": 0,
          "attributes": {
            "description": "assets-dev",
            "etag": "ETVPDKIKX0DER",
            "id": "E4SUMW9CIP4TR",
            "name": "assets-dev",
            "origin_access_control_origin_type": "s3",
            "signing_behavior": "always",
            "signing_protocol": "sigv4"
          },
          "sensitive_attributes": [],
          "private": "bnVsbA=="
        }
      ]
    },
    {
      "mode": "managed",
      "type": "aws_route53_record",
      "name": "assets_cname",
      "provider": "provider[\"registry.terraform.io/hashicorp/aws\"].main",
      "instances": [
        {
          "schema_version": 2,
          "attributes": {
            "alias": [],
            "allow_overwrite": null,
            "cidr_routing_policy": [],
            "failover_routing_policy": [],
            "fqdn": "dev-cdn.indyauction.net",
            "geolocation_routing_policy": [],
            "health_check_id": "",
            "id": "Z025704116CQIAP0SY1NF_dev-cdn.indyauction.net_CNAME",
            "latency_routing_policy": [],
            "multivalue_answer_routing_policy": false,
            "name": "dev-cdn.indyauction.net",
            "records": [
              "di3u3xomkh7rh.cloudfront.net"
            ],
            "set_identifier": "",
            "ttl": 300,
            "type": "CNAME",
            "weighted_routing_policy": [],
            "zone_id": "Z025704116CQIAP0SY1NF"
          },
          "sensitive_attributes": [],
          "private": "eyJzY2hlbWFfdmVyc2lvbiI6IjIifQ==",
          "dependencies": [
            "aws_acm_certificate.cert_us_east_1",
            "aws_cloudfront_distribution.s3_distribution",
            "aws_cloudfront_origin_access_control.cdn",
            "aws_s3_bucket.assets",
            "data.aws_route53_zone.domain_zone"
          ]
        }
      ]
    },
    {
      "mode": "managed",
      "type": "aws_route53_record",
      "name": "route_53_certificate_records_ap_south_1",
      "provider": "provider[\"registry.terraform.io/hashicorp/aws\"].main",
      "instances": [
        {
          "index_key": "*.indyauction.net",
          "schema_version": 2,
          "attributes": {
            "alias": [],
            "allow_overwrite": true,
            "cidr_routing_policy": [],
            "failover_routing_policy": [],
            "fqdn": "_bcf910e532c6d04e03427acea2b99d46.indyauction.net",
            "geolocation_routing_policy": [],
            "health_check_id": "",
            "id": "Z025704116CQIAP0SY1NF__bcf910e532c6d04e03427acea2b99d46.indyauction.net._CNAME",
            "latency_routing_policy": [],
            "multivalue_answer_routing_policy": false,
            "name": "_bcf910e532c6d04e03427acea2b99d46.indyauction.net",
            "records": [
              "_3ddb97249b2ad7e7c0fee79ec800f6fd.mhbtsbpdnt.acm-validations.aws."
            ],
            "set_identifier": "",
            "ttl": 60,
            "type": "CNAME",
            "weighted_routing_policy": [],
            "zone_id": "Z025704116CQIAP0SY1NF"
          },
          "sensitive_attributes": [],
          "private": "eyJzY2hlbWFfdmVyc2lvbiI6IjIifQ==",
          "dependencies": [
            "aws_acm_certificate.cert_ap_south_1",
            "data.aws_route53_zone.domain_zone"
          ]
        }
      ]
    },
    {
      "mode": "managed",
      "type": "aws_route53_record",
      "name": "route_53_certificate_records_us_east_1",
      "provider": "provider[\"registry.terraform.io/hashicorp/aws\"].main",
      "instances": [
        {
          "index_key": "*.indyauction.net",
          "schema_version": 2,
          "attributes": {
            "alias": [],
            "allow_overwrite": true,
            "cidr_routing_policy": [],
            "failover_routing_policy": [],
            "fqdn": "_bcf910e532c6d04e03427acea2b99d46.indyauction.net",
            "geolocation_routing_policy": [],
            "health_check_id": "",
            "id": "Z025704116CQIAP0SY1NF__bcf910e532c6d04e03427acea2b99d46.indyauction.net._CNAME",
            "latency_routing_policy": [],
            "multivalue_answer_routing_policy": false,
            "name": "_bcf910e532c6d04e03427acea2b99d46.indyauction.net",
            "records": [
              "_3ddb97249b2ad7e7c0fee79ec800f6fd.mhbtsbpdnt.acm-validations.aws."
            ],
            "set_identifier": "",
            "ttl": 60,
            "type": "CNAME",
            "weighted_routing_policy": [],
            "zone_id": "Z025704116CQIAP0SY1NF"
          },
          "sensitive_attributes": [],
          "private": "eyJzY2hlbWFfdmVyc2lvbiI6IjIifQ==",
          "dependencies": [
            "aws_acm_certificate.cert_us_east_1",
            "data.aws_route53_zone.domain_zone"
          ]
        }
      ]
    },
    {
      "mode": "managed",
      "type": "aws_s3_bucket",
      "name": "assets",
      "provider": "provider[\"registry.terraform.io/hashicorp/aws\"].deployment-ap",
      "instances": [
        {
          "schema_version": 0,
          "attributes": {
            "acceleration_status": "",
            "acl": null,
            "arn": "arn:aws:s3:::indyauction-assets-dev",
            "bucket": "indyauction-assets-dev",
            "bucket_domain_name": "indyauction-assets-dev.s3.amazonaws.com",
            "bucket_prefix": "",
            "bucket_regional_domain_name": "indyauction-assets-dev.s3.eu-west-2.amazonaws.com",
            "cors_rule": [],
            "force_destroy": true,
            "grant": [
              {
                "id": "c4a5301907355b7aa62a48666946a4d5d8a2c9ef34b77be83e434bba1c0eff30",
                "permissions": [
                  "FULL_CONTROL"
                ],
                "type": "CanonicalUser",
                "uri": ""
              }
            ],
            "hosted_zone_id": "Z3GKZC51ZF0DB4",
            "id": "indyauction-assets-dev",
            "lifecycle_rule": [],
            "logging": [],
            "object_lock_configuration": [],
            "object_lock_enabled": false,
            "policy": "",
            "region": "eu-west-2",
            "replication_configuration": [],
            "request_payer": "BucketOwner",
            "server_side_encryption_configuration": [
              {
                "rule": [
                  {
                    "apply_server_side_encryption_by_default": [
                      {
                        "kms_master_key_id": "",
                        "sse_algorithm": "AES256"
                      }
                    ],
                    "bucket_key_enabled": false
                  }
                ]
              }
            ],
            "tags": {
              "Name": "dev"
            },
            "tags_all": {
              "Name": "dev"
            },
            "timeouts": null,
            "versioning": [
              {
                "enabled": false,
                "mfa_delete": false
              }
            ],
            "website": [],
            "website_domain": null,
            "website_endpoint": null
          },
          "sensitive_attributes": [],
          "private": "eyJlMmJmYjczMC1lY2FhLTExZTYtOGY4OC0zNDM2M2JjN2M0YzAiOnsiY3JlYXRlIjoxMjAwMDAwMDAwMDAwLCJkZWxldGUiOjM2MDAwMDAwMDAwMDAsInJlYWQiOjEyMDAwMDAwMDAwMDAsInVwZGF0ZSI6MTIwMDAwMDAwMDAwMH19"
        }
      ]
    },
    {
      "mode": "managed",
      "type": "aws_s3_bucket_cors_configuration",
      "name": "enable_cors_assets",
      "provider": "provider[\"registry.terraform.io/hashicorp/aws\"].deployment-ap",
      "instances": [
        {
          "schema_version": 0,
          "attributes": {
            "bucket": "indyauction-assets-dev",
            "cors_rule": [
              {
                "allowed_headers": [
                  "*"
                ],
                "allowed_methods": [
                  "GET",
                  "HEAD",
                  "POST",
                  "PUT"
                ],
                "allowed_origins": [
                  "*"
                ],
                "expose_headers": [
                  "ETag"
                ],
                "id": "",
                "max_age_seconds": 3000
              }
            ],
            "expected_bucket_owner": "",
            "id": "indyauction-assets-dev"
          },
          "sensitive_attributes": [],
          "private": "bnVsbA==",
          "dependencies": [
            "aws_s3_bucket.assets"
          ]
        }
      ]
    },
    {
      "mode": "managed",
      "type": "aws_s3_bucket_policy",
      "name": "allow_access_from_another_account",
      "provider": "provider[\"registry.terraform.io/hashicorp/aws\"].deployment-ap",
      "instances": [
        {
          "schema_version": 0,
          "attributes": {
            "bucket": "indyauction-assets-dev",
            "id": "indyauction-assets-dev",
            "policy": "{\"Statement\":[{\"Action\":\"s3:GetObject\",\"Effect\":\"Allow\",\"Principal\":{\"Service\":\"cloudfront.amazonaws.com\"},\"Resource\":\"arn:aws:s3:::indyauction-assets-dev/*\"}],\"Version\":\"2012-10-17\"}"
          },
          "sensitive_attributes": [],
          "private": "bnVsbA==",
          "dependencies": [
            "aws_s3_bucket.assets",
            "data.aws_iam_policy_document.s3_policy"
          ]
        }
      ]
    },
    {
      "mode": "managed",
      "type": "aws_ssm_parameter",
      "name": "assets_bucket",
      "provider": "provider[\"registry.terraform.io/hashicorp/aws\"].deployment-ap",
      "instances": [
        {
          "schema_version": 0,
          "attributes": {
            "allowed_pattern": "",
            "arn": "arn:aws:ssm:eu-west-2:259943215050:parameter/dev/BUCKET_NAME",
            "data_type": "text",
            "description": "",
            "id": "/dev/BUCKET_NAME",
            "insecure_value": null,
            "key_id": "",
            "name": "/dev/BUCKET_NAME",
            "overwrite": null,
            "tags": null,
            "tags_all": {},
            "tier": "Standard",
            "type": "String",
            "value": "indyauction-assets-dev",
            "version": 1
          },
          "sensitive_attributes": [],
          "private": "bnVsbA=="
        }
      ]
    }
  ],
  "check_results": null
}
