{
  "version": 4,
  "terraform_version": "1.6.5",
  "serial": 42,
  "lineage": "e227e126-9245-b775-099b-1a915eb4e79e",
  "outputs": {},
  "resources": [
    {
      "mode": "data",
      "type": "aws_ssm_parameter",
      "name": "mongodb-password",
      "provider": "provider[\"registry.terraform.io/hashicorp/aws\"].deployment-us",
      "instances": [
        {
          "schema_version": 0,
          "attributes": {
            "arn": "arn:aws:ssm:eu-west-2:858186782168:parameter/MONGO_PASSWORD",
            "id": "MONGO_PASSWORD",
            "insecure_value": "masterindyauction",
            "name": "MONGO_PASSWORD",
            "type": "String",
            "value": "masterindyauction",
            "version": 1,
            "with_decryption": true
          },
          "sensitive_attributes": []
        }
      ]
    },
    {
      "mode": "data",
      "type": "aws_ssm_parameter",
      "name": "mongodb-username",
      "provider": "provider[\"registry.terraform.io/hashicorp/aws\"].deployment-us",
      "instances": [
        {
          "schema_version": 0,
          "attributes": {
            "arn": "arn:aws:ssm:eu-west-2:858186782168:parameter/MONGO_USERNAME",
            "id": "MONGO_USERNAME",
            "insecure_value": "indyauctionmaster",
            "name": "MONGO_USERNAME",
            "type": "String",
            "value": "indyauctionmaster",
            "version": 1,
            "with_decryption": true
          },
          "sensitive_attributes": []
        }
      ]
    },
    {
      "mode": "managed",
      "type": "aws_docdb_cluster",
      "name": "my_documentdb_cluster",
      "provider": "provider[\"registry.terraform.io/hashicorp/aws\"].deployment-us",
      "instances": [
        {
          "schema_version": 0,
          "attributes": {
            "allow_major_version_upgrade": null,
            "apply_immediately": null,
            "arn": "arn:aws:rds:eu-west-2:858186782168:cluster:indyauction",
            "availability_zones": [
              "eu-west-2a",
              "eu-west-2b",
              "eu-west-2c"
            ],
            "backup_retention_period": 1,
            "cluster_identifier": "indyauction",
            "cluster_identifier_prefix": "",
            "cluster_members": [],
            "cluster_resource_id": "cluster-Q26ZXBQ5Y4RIA6FUH22E5UHX7I",
            "db_cluster_parameter_group_name": "indyauction-parameter-group",
            "db_subnet_group_name": "default",
            "deletion_protection": false,
            "enabled_cloudwatch_logs_exports": null,
            "endpoint": "indyauction.cluster-cgktvj3muaco.eu-west-2.docdb.amazonaws.com",
            "engine": "docdb",
            "engine_version": "5.0.0",
            "final_snapshot_identifier": null,
            "global_cluster_identifier": "",
            "hosted_zone_id": "Z31U74G60GD398",
            "id": "indyauction",
            "kms_key_id": "",
            "master_password": "masterindyauction",
            "master_username": "indyauctionmaster",
            "port": 27017,
            "preferred_backup_window": "03:23-03:53",
            "preferred_maintenance_window": "tue:23:15-tue:23:45",
            "reader_endpoint": "indyauction.cluster-ro-cgktvj3muaco.eu-west-2.docdb.amazonaws.com",
            "skip_final_snapshot": true,
            "snapshot_identifier": null,
            "storage_encrypted": false,
            "storage_type": "",
            "tags": null,
            "tags_all": {},
            "timeouts": null,
            "vpc_security_group_ids": [
              "sg-0ee433edc749646e5"
            ]
          },
          "sensitive_attributes": [],
          "private": "eyJlMmJmYjczMC1lY2FhLTExZTYtOGY4OC0zNDM2M2JjN2M0YzAiOnsiY3JlYXRlIjo3MjAwMDAwMDAwMDAwLCJkZWxldGUiOjcyMDAwMDAwMDAwMDAsInVwZGF0ZSI6NzIwMDAwMDAwMDAwMH19",
          "dependencies": [
            "aws_docdb_cluster_parameter_group.my_parameter_group",
            "aws_security_group.ssh_sg"
          ]
        }
      ]
    },
    {
      "mode": "managed",
      "type": "aws_docdb_cluster_instance",
      "name": "cluster_instances",
      "provider": "provider[\"registry.terraform.io/hashicorp/aws\"].deployment-us",
      "instances": [
        {
          "schema_version": 0,
          "attributes": {
            "apply_immediately": null,
            "arn": "arn:aws:rds:eu-west-2:858186782168:db:docdb-mongodb-instance",
            "auto_minor_version_upgrade": true,
            "availability_zone": "eu-west-2c",
            "ca_cert_identifier": "rds-ca-2019",
            "cluster_identifier": "indyauction",
            "copy_tags_to_snapshot": false,
            "db_subnet_group_name": "default",
            "dbi_resource_id": "db-26BTBNDQGEJZV7AXIEO32KP7TY",
            "enable_performance_insights": null,
            "endpoint": "docdb-mongodb-instance.cgktvj3muaco.eu-west-2.docdb.amazonaws.com",
            "engine": "docdb",
            "engine_version": "5.0.0",
            "id": "docdb-mongodb-instance",
            "identifier": "docdb-mongodb-instance",
            "identifier_prefix": "",
            "instance_class": "db.t4g.medium",
            "kms_key_id": "",
            "performance_insights_kms_key_id": null,
            "port": 27017,
            "preferred_backup_window": "03:23-03:53",
            "preferred_maintenance_window": "sat:03:30-sat:04:00",
            "promotion_tier": 0,
            "publicly_accessible": false,
            "storage_encrypted": false,
            "tags": null,
            "tags_all": {},
            "timeouts": null,
            "writer": true
          },
          "sensitive_attributes": [],
          "private": "eyJlMmJmYjczMC1lY2FhLTExZTYtOGY4OC0zNDM2M2JjN2M0YzAiOnsiY3JlYXRlIjo1NDAwMDAwMDAwMDAwLCJkZWxldGUiOjU0MDAwMDAwMDAwMDAsInVwZGF0ZSI6NTQwMDAwMDAwMDAwMH19",
          "dependencies": [
            "aws_docdb_cluster.my_documentdb_cluster",
            "aws_docdb_cluster_parameter_group.my_parameter_group",
            "aws_security_group.ssh_sg"
          ]
        }
      ]
    },
    {
      "mode": "managed",
      "type": "aws_docdb_cluster_parameter_group",
      "name": "my_parameter_group",
      "provider": "provider[\"registry.terraform.io/hashicorp/aws\"].deployment-us",
      "instances": [
        {
          "schema_version": 0,
          "attributes": {
            "arn": "arn:aws:rds:eu-west-2:858186782168:cluster-pg:indyauction-parameter-group",
            "description": "My DocumentDB Parameter Group",
            "family": "docdb5.0",
            "id": "indyauction-parameter-group",
            "name": "indyauction-parameter-group",
            "name_prefix": "",
            "parameter": [
              {
                "apply_method": "pending-reboot",
                "name": "tls",
                "value": "disabled"
              }
            ],
            "tags": null,
            "tags_all": {}
          },
          "sensitive_attributes": [],
          "private": "bnVsbA=="
        }
      ]
    },
    {
      "mode": "managed",
      "type": "aws_eip",
      "name": "example",
      "provider": "provider[\"registry.terraform.io/hashicorp/aws\"].deployment-us",
      "instances": [
        {
          "schema_version": 0,
          "attributes": {
            "address": null,
            "allocation_id": "eipalloc-0050ba20bcc0e2d6c",
            "associate_with_private_ip": null,
            "association_id": "eipassoc-0244cacf2fb46123d",
            "carrier_ip": "",
            "customer_owned_ip": "",
            "customer_owned_ipv4_pool": "",
            "domain": "vpc",
            "id": "eipalloc-0050ba20bcc0e2d6c",
            "instance": "i-096c5b263d673392b",
            "network_border_group": "eu-west-2",
            "network_interface": "eni-0af6ef655714014e1",
            "private_dns": "ip-172-31-15-199.eu-west-2.compute.internal",
            "private_ip": "172.31.15.199",
            "public_dns": "ec2-35-177-215-23.eu-west-2.compute.amazonaws.com",
            "public_ip": "35.177.215.23",
            "public_ipv4_pool": "amazon",
            "tags": null,
            "tags_all": {},
            "timeouts": null,
            "vpc": true
          },
          "sensitive_attributes": [],
          "private": "eyJlMmJmYjczMC1lY2FhLTExZTYtOGY4OC0zNDM2M2JjN2M0YzAiOnsiZGVsZXRlIjoxODAwMDAwMDAwMDAsInJlYWQiOjkwMDAwMDAwMDAwMCwidXBkYXRlIjozMDAwMDAwMDAwMDB9fQ==",
          "dependencies": [
            "aws_instance.ssh_tunnel",
            "aws_key_pair.my_key",
            "aws_security_group.ssh_sg",
            "tls_private_key.rsa"
          ]
        }
      ]
    },
    {
      "mode": "managed",
      "type": "aws_instance",
      "name": "ssh_tunnel",
      "provider": "provider[\"registry.terraform.io/hashicorp/aws\"].deployment-us",
      "instances": [
        {
          "schema_version": 1,
          "attributes": {
            "ami": "ami-0cfd0973db26b893b",
            "arn": "arn:aws:ec2:eu-west-2:858186782168:instance/i-096c5b263d673392b",
            "associate_public_ip_address": true,
            "availability_zone": "eu-west-2c",
            "capacity_reservation_specification": [
              {
                "capacity_reservation_preference": "open",
                "capacity_reservation_target": []
              }
            ],
            "cpu_core_count": 1,
            "cpu_options": [
              {
                "amd_sev_snp": "",
                "core_count": 1,
                "threads_per_core": 1
              }
            ],
            "cpu_threads_per_core": 1,
            "credit_specification": [
              {
                "cpu_credits": "standard"
              }
            ],
            "disable_api_stop": false,
            "disable_api_termination": false,
            "ebs_block_device": [],
            "ebs_optimized": false,
            "enclave_options": [
              {
                "enabled": false
              }
            ],
            "ephemeral_block_device": [],
            "get_password_data": false,
            "hibernation": false,
            "host_id": "",
            "host_resource_group_arn": null,
            "iam_instance_profile": "",
            "id": "i-096c5b263d673392b",
            "instance_initiated_shutdown_behavior": "stop",
            "instance_lifecycle": "",
            "instance_market_options": [],
            "instance_state": "running",
            "instance_type": "t2.micro",
            "ipv6_address_count": 0,
            "ipv6_addresses": [],
            "key_name": "tf-key-pair",
            "launch_template": [],
            "maintenance_options": [
              {
                "auto_recovery": "default"
              }
            ],
            "metadata_options": [
              {
                "http_endpoint": "enabled",
                "http_protocol_ipv6": "disabled",
                "http_put_response_hop_limit": 2,
                "http_tokens": "required",
                "instance_metadata_tags": "disabled"
              }
            ],
            "monitoring": false,
            "network_interface": [],
            "outpost_arn": "",
            "password_data": "",
            "placement_group": "",
            "placement_partition_number": 0,
            "primary_network_interface_id": "eni-0af6ef655714014e1",
            "private_dns": "ip-172-31-15-199.eu-west-2.compute.internal",
            "private_dns_name_options": [
              {
                "enable_resource_name_dns_a_record": false,
                "enable_resource_name_dns_aaaa_record": false,
                "hostname_type": "ip-name"
              }
            ],
            "private_ip": "172.31.15.199",
            "public_dns": "ec2-3-8-91-25.eu-west-2.compute.amazonaws.com",
            "public_ip": "3.8.91.25",
            "root_block_device": [
              {
                "delete_on_termination": true,
                "device_name": "/dev/xvda",
                "encrypted": false,
                "iops": 3000,
                "kms_key_id": "",
                "tags": {},
                "throughput": 125,
                "volume_id": "vol-0aff4d1eb10deca7f",
                "volume_size": 8,
                "volume_type": "gp3"
              }
            ],
            "secondary_private_ips": [],
            "security_groups": [
              "ssh-security-group-1"
            ],
            "source_dest_check": true,
            "spot_instance_request_id": "",
            "subnet_id": "subnet-07386b740b690d80a",
            "tags": null,
            "tags_all": {},
            "tenancy": "default",
            "timeouts": null,
            "user_data": "13937226bf75487482da60f26b43be41bfb72399",
            "user_data_base64": null,
            "user_data_replace_on_change": false,
            "volume_tags": null,
            "vpc_security_group_ids": [
              "sg-0ee433edc749646e5"
            ]
          },
          "sensitive_attributes": [],
          "private": "eyJlMmJmYjczMC1lY2FhLTExZTYtOGY4OC0zNDM2M2JjN2M0YzAiOnsiY3JlYXRlIjo2MDAwMDAwMDAwMDAsImRlbGV0ZSI6MTIwMDAwMDAwMDAwMCwidXBkYXRlIjo2MDAwMDAwMDAwMDB9LCJzY2hlbWFfdmVyc2lvbiI6IjEifQ==",
          "dependencies": [
            "aws_key_pair.my_key",
            "aws_security_group.ssh_sg",
            "tls_private_key.rsa"
          ]
        }
      ]
    },
    {
      "mode": "managed",
      "type": "aws_key_pair",
      "name": "my_key",
      "provider": "provider[\"registry.terraform.io/hashicorp/aws\"].deployment-us",
      "instances": [
        {
          "schema_version": 1,
          "attributes": {
            "arn": "arn:aws:ec2:eu-west-2:858186782168:key-pair/tf-key-pair",
            "fingerprint": "24:33:00:fb:44:1e:ef:9b:ad:6d:d7:d3:a9:20:12:cd",
            "id": "tf-key-pair",
            "key_name": "tf-key-pair",
            "key_name_prefix": "",
            "key_pair_id": "key-0bf2ea0900ad41110",
            "key_type": "rsa",
            "public_key": "ssh-rsa AAAAB3NzaC1yc2EAAAADAQABAAACAQChYKT6py8oM4QzHn/xvzs8Z19S76QWsiD8rAH/C5SYramrjQoOO3jzcLq5p2fIvsd2iP7wgo7mTgvAPcCAywRCcto/wUAaDz3I2I4jGWHiWZzXAjACdc/ygaDSQBXrVaw0o8YTsPpueBYaR8IhHf7FPywNeCoYTMZWqwrbZF15mCfzRtWDNkkEsJlB/qBcVxboLMiI/MICOx+pFSfVoxguJ9sM7vYQS7BUGKv/GVOL4w8xDm5bKT1Ot0sXRgHtV8WPujN1rWst4t/O36bRFafoIPirudXw2VuBElBbFQSpN39f3gkUxFsKweSYGpFUUa98d2pUi0RIGCRU2sh7yJbUDk3RGsRr9Ap4pWBTdY7POOqMtorCbgUJmfjglpGT6AIrd9o34KAhzf0GkykC0MLmPwspYKS2NswH9x1EV99tUF0R0jY7lFtcrRMczvF4nYqP03frwQpHb5xRlQMwQoutUBZqGLLiTp8sCmbzcWgwGkGPLEcooK3fKqjCL5D3HIi4KylGjurNJPhe4Qp0ypdlUSo5qTY6Iu6SDfSW9MewJyUigjPlrBbpYQL6M52+zMj2HPNL8Fs9txmtHLhcrhJYPSDH5MMsJoo1zC90NKBr1wDdVGD2ExQbp1KB7x5UUp8BS6If/CxbLbZ/8fQioLgtlvlnDHdyDEqxCvn3VDlElQ==",
            "tags": null,
            "tags_all": {}
          },
          "sensitive_attributes": [],
          "private": "eyJzY2hlbWFfdmVyc2lvbiI6IjEifQ==",
          "dependencies": [
            "tls_private_key.rsa"
          ]
        }
      ]
    },
    {
      "mode": "managed",
      "type": "aws_security_group",
      "name": "documentdb_sg",
      "provider": "provider[\"registry.terraform.io/hashicorp/aws\"].deployment-us",
      "instances": [
        {
          "schema_version": 1,
          "attributes": {
            "arn": "arn:aws:ec2:eu-west-2:858186782168:security-group/sg-026721cbe98892f31",
            "description": "Managed by Terraform",
            "egress": [],
            "id": "sg-026721cbe98892f31",
            "ingress": [
              {
                "cidr_blocks": [
                  "0.0.0.0/0"
                ],
                "description": "",
                "from_port": 27017,
                "ipv6_cidr_blocks": [],
                "prefix_list_ids": [],
                "protocol": "tcp",
                "security_groups": [],
                "self": false,
                "to_port": 27017
              }
            ],
            "name": "documentdb20231213162135317200000001",
            "name_prefix": "documentdb",
            "owner_id": "858186782168",
            "revoke_rules_on_delete": false,
            "tags": null,
            "tags_all": {},
            "timeouts": null,
            "vpc_id": "vpc-05c8f2ad8d34f2fd8"
          },
          "sensitive_attributes": [],
          "private": "eyJlMmJmYjczMC1lY2FhLTExZTYtOGY4OC0zNDM2M2JjN2M0YzAiOnsiY3JlYXRlIjo2MDAwMDAwMDAwMDAsImRlbGV0ZSI6OTAwMDAwMDAwMDAwfSwic2NoZW1hX3ZlcnNpb24iOiIxIn0=",
          "dependencies": [
            "aws_vpc.mongodb_vpc"
          ]
        }
      ]
    },
    {
      "mode": "managed",
      "type": "aws_security_group",
      "name": "ssh_sg",
      "provider": "provider[\"registry.terraform.io/hashicorp/aws\"].deployment-us",
      "instances": [
        {
          "schema_version": 1,
          "attributes": {
            "arn": "arn:aws:ec2:eu-west-2:858186782168:security-group/sg-0ee433edc749646e5",
            "description": "SSH Security Group",
            "egress": [
              {
                "cidr_blocks": [
                  "0.0.0.0/0"
                ],
                "description": "",
                "from_port": 0,
                "ipv6_cidr_blocks": [
                  "::/0"
                ],
                "prefix_list_ids": [],
                "protocol": "-1",
                "security_groups": [],
                "self": false,
                "to_port": 0
              }
            ],
            "id": "sg-0ee433edc749646e5",
            "ingress": [
              {
                "cidr_blocks": [
                  "0.0.0.0/0"
                ],
                "description": "",
                "from_port": 0,
                "ipv6_cidr_blocks": [],
                "prefix_list_ids": [],
                "protocol": "-1",
                "security_groups": [],
                "self": false,
                "to_port": 0
              },
              {
                "cidr_blocks": [
                  "0.0.0.0/0"
                ],
                "description": "",
                "from_port": 22,
                "ipv6_cidr_blocks": [],
                "prefix_list_ids": [],
                "protocol": "tcp",
                "security_groups": [],
                "self": false,
                "to_port": 22
              }
            ],
            "name": "ssh-security-group-1",
            "name_prefix": "",
            "owner_id": "858186782168",
            "revoke_rules_on_delete": false,
            "tags": null,
            "tags_all": {},
            "timeouts": null,
            "vpc_id": "vpc-02650992125fdee70"
          },
          "sensitive_attributes": [],
          "private": "eyJlMmJmYjczMC1lY2FhLTExZTYtOGY4OC0zNDM2M2JjN2M0YzAiOnsiY3JlYXRlIjo2MDAwMDAwMDAwMDAsImRlbGV0ZSI6OTAwMDAwMDAwMDAwfSwic2NoZW1hX3ZlcnNpb24iOiIxIn0="
        }
      ]
    },
    {
      "mode": "managed",
      "type": "aws_ssm_parameter",
      "name": "documentdb",
      "provider": "provider[\"registry.terraform.io/hashicorp/aws\"].deployment-us",
      "instances": [
        {
          "schema_version": 0,
          "attributes": {
            "allowed_pattern": "",
            "arn": "arn:aws:ssm:eu-west-2:858186782168:parameter/MONGODB_CONNECTION_STRING",
            "data_type": "text",
            "description": "",
            "id": "MONGODB_CONNECTION_STRING",
            "insecure_value": null,
            "key_id": "",
            "name": "MONGODB_CONNECTION_STRING",
            "overwrite": null,
            "tags": null,
            "tags_all": {},
            "tier": "Standard",
            "type": "String",
            "value": "mongodb://indyauctionmaster:masterindyauction@indyauction.cluster-cgktvj3muaco.eu-west-2.docdb.amazonaws.com:27017/?replicaSet=rs0\u0026readPreference=secondaryPreferred\u0026retryWrites=false",
            "version": 1
          },
          "sensitive_attributes": [
            [
              {
                "type": "get_attr",
                "value": "value"
              }
            ]
          ],
          "private": "bnVsbA==",
          "dependencies": [
            "aws_docdb_cluster.my_documentdb_cluster",
            "aws_docdb_cluster_parameter_group.my_parameter_group",
            "aws_security_group.ssh_sg",
            "data.aws_ssm_parameter.mongodb-password",
            "data.aws_ssm_parameter.mongodb-username"
          ]
        }
      ]
    },
    {
      "mode": "managed",
      "type": "aws_subnet",
      "name": "mongodb_subnet",
      "provider": "provider[\"registry.terraform.io/hashicorp/aws\"].deployment-us",
      "instances": [
        {
          "schema_version": 1,
          "attributes": {
            "arn": "arn:aws:ec2:eu-west-2:858186782168:subnet/subnet-09c4c6ac947d67ec3",
            "assign_ipv6_address_on_creation": false,
            "availability_zone": "eu-west-2a",
            "availability_zone_id": "euw2-az2",
            "cidr_block": "10.0.0.0/24",
            "customer_owned_ipv4_pool": "",
            "enable_dns64": false,
            "enable_lni_at_device_index": 0,
            "enable_resource_name_dns_a_record_on_launch": false,
            "enable_resource_name_dns_aaaa_record_on_launch": false,
            "id": "subnet-09c4c6ac947d67ec3",
            "ipv6_cidr_block": "",
            "ipv6_cidr_block_association_id": "",
            "ipv6_native": false,
            "map_customer_owned_ip_on_launch": false,
            "map_public_ip_on_launch": false,
            "outpost_arn": "",
            "owner_id": "858186782168",
            "private_dns_hostname_type_on_launch": "ip-name",
            "tags": null,
            "tags_all": {},
            "timeouts": null,
            "vpc_id": "vpc-05c8f2ad8d34f2fd8"
          },
          "sensitive_attributes": [],
          "private": "eyJlMmJmYjczMC1lY2FhLTExZTYtOGY4OC0zNDM2M2JjN2M0YzAiOnsiY3JlYXRlIjo2MDAwMDAwMDAwMDAsImRlbGV0ZSI6MTIwMDAwMDAwMDAwMH0sInNjaGVtYV92ZXJzaW9uIjoiMSJ9",
          "dependencies": [
            "aws_vpc.mongodb_vpc"
          ]
        }
      ]
    },
    {
      "mode": "managed",
      "type": "aws_vpc",
      "name": "mongodb_vpc",
      "provider": "provider[\"registry.terraform.io/hashicorp/aws\"].deployment-us",
      "instances": [
        {
          "schema_version": 1,
          "attributes": {
            "arn": "arn:aws:ec2:eu-west-2:858186782168:vpc/vpc-05c8f2ad8d34f2fd8",
            "assign_generated_ipv6_cidr_block": false,
            "cidr_block": "10.0.0.0/16",
            "default_network_acl_id": "acl-02550b4859e2475b7",
            "default_route_table_id": "rtb-0fd1ef522221aca65",
            "default_security_group_id": "sg-0268e26f38c696604",
            "dhcp_options_id": "dopt-002e3e67827a07b74",
            "enable_dns_hostnames": false,
            "enable_dns_support": true,
            "enable_network_address_usage_metrics": false,
            "id": "vpc-05c8f2ad8d34f2fd8",
            "instance_tenancy": "default",
            "ipv4_ipam_pool_id": null,
            "ipv4_netmask_length": null,
            "ipv6_association_id": "",
            "ipv6_cidr_block": "",
            "ipv6_cidr_block_network_border_group": "",
            "ipv6_ipam_pool_id": "",
            "ipv6_netmask_length": 0,
            "main_route_table_id": "rtb-0fd1ef522221aca65",
            "owner_id": "858186782168",
            "tags": null,
            "tags_all": {}
          },
          "sensitive_attributes": [],
          "private": "eyJzY2hlbWFfdmVyc2lvbiI6IjEifQ=="
        }
      ]
    },
    {
      "mode": "managed",
      "type": "local_file",
      "name": "tf-key",
      "provider": "provider[\"registry.terraform.io/hashicorp/local\"]",
      "instances": [
        {
          "schema_version": 0,
          "attributes": {
            "content": "-----BEGIN RSA PRIVATE KEY-----\nMIIJJwIBAAKCAgEAoWCk+qcvKDOEMx5/8b87PGdfUu+kFrIg/KwB/wuUmK2pq40K\nDjt483C6uadnyL7Hdoj+8IKO5k4LwD3AgMsEQnLaP8FAGg89yNiOIxlh4lmc1wIw\nAnXP8oGg0kAV61WsNKPGE7D6bngWGkfCIR3+xT8sDXgqGEzGVqsK22RdeZgn80bV\ngzZJBLCZQf6gXFcW6CzIiPzCAjsfqRUn1aMYLifbDO72EEuwVBir/xlTi+MPMQ5u\nWyk9TrdLF0YB7VfFj7ozda1rLeLfzt+m0RWn6CD4q7nV8NlbgRJQWxUEqTd/X94J\nFMRbCsHkmBqRVFGvfHdqVItESBgkVNrIe8iW1A5N0RrEa/QKeKVgU3WOzzjqjLaK\nwm4FCZn44JaRk+gCK3faN+CgIc39BpMpAtDC5j8LKWCktjbMB/cdRFffbVBdEdI2\nO5RbXK0THM7xeJ2Kj9N368EKR2+cUZUDMEKLrVAWahiy4k6fLApm83FoMBpBjyxH\nKKCt3yqowi+Q9xyIuCspRo7qzST4XuEKdMqXZVEqOak2OiLukg30lvTHsCclIoIz\n5awW6WEC+jOdvszI9hzzS/BbPbcZrRy4XK4SWD0gx+TDLCaKNcwvdDSga9cA3VRg\n9hMUG6dSge8eVFKfAUuiH/wsWy22f/H0IqC4LZb5Zwx3cgxKsQr591Q5RJUCAwEA\nAQKCAgBj9y8bifbfS1JILEuLYC98knhtMr+Nw5hFjPPLnsvU7DbfawXgnRymiJ1S\npg3XP77lgaWTLP0CUzRaSKZ34crosqbZuYdQ3UIjqWoa+f01rtdGJTfCPmKrUXti\n4onxdueu0AjCZ+4qAj+G1g6+XwtT+nb6fQZueRif1WJrVzfEO+n7fFSE7Fq9CfxV\n8jo6GUS6XAt5OEGiCifpoI5Fe7td1BiQYXKR06EN5x6cbn7fd68Qb2UTGW+91DMy\n3o4RDT73cpuv+NYc3Z5QUyDOAkE5vTrtfbe2c56ITOT0FwgFHrjLlQpBEAVpm4RU\naJjAB73SN1Lpvj90/Wd8HO72JuKuy2BFCitA2f8hlbJW9kQoADNcoEG8THG+ZMFL\ndYJeVM8iW8lw2N7z+hCPGTL3uCtssBCniHKUp3qSkZBQMJMUT54WqbgOM2ry5iRq\nsSJF4FgWuGHOJ4JyuGvrglzXjdbwcnaAC7kY0NfdhaqCMcz2p1eO9qdh1Eom3ZSA\nA90XnYB+YM24UGRrpJB7DEa1L5MIq/6Q/h89x9JGNFatvAoPEhzKwu2Zk6XrCM/t\n4LvcsV22qTC7gzyjEWe7cQYeYZz6tIikCWdnDg3phpjwoIg2JYakiqCLSy7enjGT\nFK+qimyqiJIjeQtXEfP3xS0baHn+D94w88rbgKXTOu1AHQTzYQKCAQEAwHUZdaOn\nUVP67YRvyIXg0wbZfuAFUeD4rfi8vR7ZZdIT0m3qJmV5CT+/yA+8FJ9dxWqxui3i\nCjETIE4M7ui4+HXcu7VzFIja4XxMGtzkMSkAnJ22IEqrRZya7Z0ka7bmmbuOruBZ\nB6MbLiQum2elhyjAb7j/YLqwAHx2qxvTjjNoUcy+gL07aD9SCePQoS2FDUNchF/I\nYldhTIPDiTIfVJjq3D2IMDqr910PYbxf89wZ2LyHh4tPN1scKVZUdTUOguFVKVam\ngj8zjMKJJ6W6cX3HTKqTOku5Y4u+r69/oiZBC8Ll3U74ogGFEN+GPTvdLR6NhumX\nDx9XAwpR/lV6KQKCAQEA1qibbgNBpe9t95lr0ow/5jl66Iab2f+JgZP+JdN8rz2P\niL7C/V6Au3qcFPv/pDnZvGdrqx4A44520knzDhAKz8NMxiYhW919Z+KBfeNJX4YL\nfNgpugs8K58ru8VNr+7wAcyBPOEkwWv0hlLzXxWx1uPfwTnN5GhT4rZiQQ9CDCkB\n7OV+mibCOsOb0LbUJdSYY/2vVwS3sMMxWDI9T3lSKoWg5s2yAZ+5bQjbyerr1Tib\nRbZWTxIXT3fCJpiGZ5HfuO1/5gYRQ4eHbMFqZSL1Qxon3IkXaUZWvlYc1XbRpjrI\nhxLkECENe9qNXS/5iRQpqI19gAGSpqTscU3uYZScjQKCAQBO+7/HF7LDHcQNVhzK\nHqd184mvGCEWyU1FmJ9cvhxaPS0FXzaJK3vQ3+jFIi/+BqllK7RkxA/QPvOqfl2w\nbrH6xeQg5QallsS9ZVWWcLD1u+4UWGU2O26u0uaCPcuEqTtaPC8CdfATwkyVUyQN\ngyvbnE3di/7Co9s3V90bu//GjDJz36MPEpoe3l280VH908CXAN4nNWf3dATqcej9\nlSRmg5tfZ6FMqceJbRey9KwsWFgDKtw0NGf+P9X+4P8oWu3pqLBalsUfDvEJA41m\nSA2MJiJ0xExH0Gv0/pTzZQLseOaY/RN5D7/aPOVvV0ywNLFAoxlSFOt5uVLsXH/p\n8QqBAoIBAHHwz4gGvHr661EpI71/6o8m5aG1idaeOHwKdTXY228dayn3sALTfduG\nCoFs/dZLStMhxlnvNCOVxGZ9EEHfrA16Ki9nn/9mQyG4bmnHEnRc744WI5f4TLkO\n5STnZwRC/SzHQ7Zv/5WX2xTNxRcsqdhZ3rRvHWXnJtfJXcAQ/Er+HWKEsr3aYvDU\nUcnoshVekoFI8CBthZ+TDIc3K6oayM1/XtgEST9pbAB/WkMEqqfkQy8uyQNxo+Pv\nuqPIBFfHa4x6rJAJmnJQ50aIKBSFCNDUemIqdr3Ps02W4flA96mXvEdOdLZHBSQ/\n7xeO1pK3nCE28W3X5+MC2eqOpkEvpCUCggEAeaQizX3Fm+lUh4f/gNIYxFwVO6WF\n0LcdrkiWuOpQ/OgnRNyqIXYjMMCGTX/iDM7txX6kIR4+MoGVDpfhmoGAJcV+uICS\nf3E6TEsbBkiWxXBGY68aMlyWv0XBTKsFtFcTEgVzCd0ym9miSMs3T2VaUoE7Ntke\n6emukvx+kQAisqMRK0fFe5UpFs40BjnxYHEwh5wD1+bN5SxVCbskFufd6fVUd290\nGbBwrVN1Ef7FGVKWzTIjt1XW4FRNEpXdRdxMHb+tMj8jniL2qfDbC8VZ2htbUcWn\nfKPi76pUeJYWeSdKCEX0xSMNtUSAnlOXAER1veegh6lnhbSeT21aaoJxDQ==\n-----END RSA PRIVATE KEY-----\n",
            "content_base64": null,
            "content_base64sha256": "f/RZd0SWlCs+EtB+x7QZXMIHKU+CP9jFQMqaT/Hy888=",
            "content_base64sha512": "tLn+8biPZc2896teB/JjyNB9Y0JHaTnLgeHuKDG0csG4wrnaTOC3Va8SuOP5VWO6ktoKeE9xJCjsMF3MdxR9lA==",
            "content_md5": "d23b393f7fb172cbf40af462ddbd034a",
            "content_sha1": "8267739bb0d4c91d0ae2203a8e9f87f1cf09036d",
            "content_sha256": "7ff459774496942b3e12d07ec7b4195cc207294f823fd8c540ca9a4ff1f2f3cf",
            "content_sha512": "b4b9fef1b88f65cdbcf7ab5e07f263c8d07d6342476939cb81e1ee2831b472c1b8c2b9da4ce0b755af12b8e3f95563ba92da0a784f712428ec305dcc77147d94",
            "directory_permission": "0777",
            "file_permission": "0777",
            "filename": "tf-key-pair.pem",
            "id": "8267739bb0d4c91d0ae2203a8e9f87f1cf09036d",
            "sensitive_content": null,
            "source": null
          },
          "sensitive_attributes": [
            [
              {
                "type": "get_attr",
                "value": "content"
              }
            ]
          ],
          "dependencies": [
            "tls_private_key.rsa"
          ]
        }
      ]
    },
    {
      "mode": "managed",
      "type": "tls_private_key",
      "name": "rsa",
      "provider": "provider[\"registry.terraform.io/hashicorp/tls\"]",
      "instances": [
        {
          "schema_version": 1,
          "attributes": {
            "algorithm": "RSA",
            "ecdsa_curve": "P224",
            "id": "18950849102d942e497dc13a055012008f91225e",
            "private_key_openssh": "-----BEGIN OPENSSH PRIVATE KEY-----\nb3BlbnNzaC1rZXktdjEAAAAABG5vbmUAAAAEbm9uZQAAAAAAAAABAAACFwAAAAdz\nc2gtcnNhAAAAAwEAAQAAAgEAoWCk+qcvKDOEMx5/8b87PGdfUu+kFrIg/KwB/wuU\nmK2pq40KDjt483C6uadnyL7Hdoj+8IKO5k4LwD3AgMsEQnLaP8FAGg89yNiOIxlh\n4lmc1wIwAnXP8oGg0kAV61WsNKPGE7D6bngWGkfCIR3+xT8sDXgqGEzGVqsK22Rd\neZgn80bVgzZJBLCZQf6gXFcW6CzIiPzCAjsfqRUn1aMYLifbDO72EEuwVBir/xlT\ni+MPMQ5uWyk9TrdLF0YB7VfFj7ozda1rLeLfzt+m0RWn6CD4q7nV8NlbgRJQWxUE\nqTd/X94JFMRbCsHkmBqRVFGvfHdqVItESBgkVNrIe8iW1A5N0RrEa/QKeKVgU3WO\nzzjqjLaKwm4FCZn44JaRk+gCK3faN+CgIc39BpMpAtDC5j8LKWCktjbMB/cdRFff\nbVBdEdI2O5RbXK0THM7xeJ2Kj9N368EKR2+cUZUDMEKLrVAWahiy4k6fLApm83Fo\nMBpBjyxHKKCt3yqowi+Q9xyIuCspRo7qzST4XuEKdMqXZVEqOak2OiLukg30lvTH\nsCclIoIz5awW6WEC+jOdvszI9hzzS/BbPbcZrRy4XK4SWD0gx+TDLCaKNcwvdDSg\na9cA3VRg9hMUG6dSge8eVFKfAUuiH/wsWy22f/H0IqC4LZb5Zwx3cgxKsQr591Q5\nRJUAAAc4stJR6rLSUeoAAAAHc3NoLXJzYQAAAgEAoWCk+qcvKDOEMx5/8b87PGdf\nUu+kFrIg/KwB/wuUmK2pq40KDjt483C6uadnyL7Hdoj+8IKO5k4LwD3AgMsEQnLa\nP8FAGg89yNiOIxlh4lmc1wIwAnXP8oGg0kAV61WsNKPGE7D6bngWGkfCIR3+xT8s\nDXgqGEzGVqsK22RdeZgn80bVgzZJBLCZQf6gXFcW6CzIiPzCAjsfqRUn1aMYLifb\nDO72EEuwVBir/xlTi+MPMQ5uWyk9TrdLF0YB7VfFj7ozda1rLeLfzt+m0RWn6CD4\nq7nV8NlbgRJQWxUEqTd/X94JFMRbCsHkmBqRVFGvfHdqVItESBgkVNrIe8iW1A5N\n0RrEa/QKeKVgU3WOzzjqjLaKwm4FCZn44JaRk+gCK3faN+CgIc39BpMpAtDC5j8L\nKWCktjbMB/cdRFffbVBdEdI2O5RbXK0THM7xeJ2Kj9N368EKR2+cUZUDMEKLrVAW\nahiy4k6fLApm83FoMBpBjyxHKKCt3yqowi+Q9xyIuCspRo7qzST4XuEKdMqXZVEq\nOak2OiLukg30lvTHsCclIoIz5awW6WEC+jOdvszI9hzzS/BbPbcZrRy4XK4SWD0g\nx+TDLCaKNcwvdDSga9cA3VRg9hMUG6dSge8eVFKfAUuiH/wsWy22f/H0IqC4LZb5\nZwx3cgxKsQr591Q5RJUAAAADAQABAAACAGP3LxuJ9t9LUkgsS4tgL3ySeG0yv43D\nmEWM88uey9TsNt9rBeCdHKaInVKmDdc/vuWBpZMs/QJTNFpIpnfhyuiyptm5h1Dd\nQiOpahr5/TWu10YlN8I+YqtRe2LiifF2567QCMJn7ioCP4bWDr5fC1P6dvp9Bm55\nGJ/VYmtXN8Q76ft8VITsWr0J/FXyOjoZRLpcC3k4QaIKJ+mgjkV7u13UGJBhcpHT\noQ3nHpxuft93rxBvZRMZb73UMzLejhENPvdym6/41hzdnlBTIM4CQTm9Ou19t7Zz\nnohM5PQXCAUeuMuVCkEQBWmbhFRomMAHvdI3Uum+P3T9Z3wc7vYm4q7LYEUKK0DZ\n/yGVslb2RCgAM1ygQbxMcb5kwUt1gl5UzyJbyXDY3vP6EI8ZMve4K2ywEKeIcpSn\nepKRkFAwkxRPnhapuA4zavLmJGqxIkXgWBa4Yc4ngnK4a+uCXNeN1vBydoALuRjQ\n192FqoIxzPanV472p2HUSibdlIAD3RedgH5gzbhQZGukkHsMRrUvkwir/pD+Hz3H\n0kY0Vq28Cg8SHMrC7ZmTpesIz+3gu9yxXbapMLuDPKMRZ7txBh5hnPq0iKQJZ2cO\nDemGmPCgiDYlhqSKoItLLt6eMZMUr6qKbKqIkiN5C1cR8/fFLRtoef4P3jDzytuA\npdM67UAdBPNhAAABAHmkIs19xZvpVIeH/4DSGMRcFTulhdC3Ha5IlrjqUPzoJ0Tc\nqiF2IzDAhk1/4gzO7cV+pCEePjKBlQ6X4ZqBgCXFfriAkn9xOkxLGwZIlsVwRmOv\nGjJclr9FwUyrBbRXExIFcwndMpvZokjLN09lWlKBOzbZHunprpL8fpEAIrKjEStH\nxXuVKRbONAY58WBxMIecA9fmzeUsVQm7JBbn3en1VHdvdBmwcK1TdRH+xRlSls0y\nI7dV1uBUTRKV3UXcTB2/rTI/I54i9qnw2wvFWdobW1HFp3yj4u+qVHiWFnknSghF\n9MUjDbVEgJ5TlwBEdb3noIepZ4W0nk9tWmqCcQ0AAAEBAMB1GXWjp1FT+u2Eb8iF\n4NMG2X7gBVHg+K34vL0e2WXSE9Jt6iZleQk/v8gPvBSfXcVqsbot4goxEyBODO7o\nuPh13Lu1cxSI2uF8TBrc5DEpAJydtiBKq0Wcmu2dJGu25pm7jq7gWQejGy4kLptn\npYcowG+4/2C6sAB8dqsb044zaFHMvoC9O2g/Ugnj0KEthQ1DXIRfyGJXYUyDw4ky\nH1SY6tw9iDA6q/ddD2G8X/PcGdi8h4eLTzdbHClWVHU1DoLhVSlWpoI/M4zCiSel\nunF9x0yqkzpLuWOLvq+vf6ImQQvC5d1O+KIBhRDfhj073S0ejYbplw8fVwMKUf5V\neikAAAEBANaom24DQaXvbfeZa9KMP+Y5euiGm9n/iYGT/iXTfK89j4i+wv1egLt6\nnBT7/6Q52bxna6seAOOOdtJJ8w4QCs/DTMYmIVvdfWfigX3jSV+GC3zYKboLPCuf\nK7vFTa/u8AHMgTzhJMFr9IZS818Vsdbj38E5zeRoU+K2YkEPQgwpAezlfpomwjrD\nm9C21CXUmGP9r1cEt7DDMVgyPU95UiqFoObNsgGfuW0I28nq69U4m0W2Vk8SF093\nwiaYhmeR37jtf+YGEUOHh2zBamUi9UMaJ9yJF2lGVr5WHNV20aY6yIcS5BAhDXva\njV0v+YkUKaiNfYABkqak7HFN7mGUnI0AAAAAAQID\n-----END OPENSSH PRIVATE KEY-----\n",
            "private_key_pem": "-----BEGIN RSA PRIVATE KEY-----\nMIIJJwIBAAKCAgEAoWCk+qcvKDOEMx5/8b87PGdfUu+kFrIg/KwB/wuUmK2pq40K\nDjt483C6uadnyL7Hdoj+8IKO5k4LwD3AgMsEQnLaP8FAGg89yNiOIxlh4lmc1wIw\nAnXP8oGg0kAV61WsNKPGE7D6bngWGkfCIR3+xT8sDXgqGEzGVqsK22RdeZgn80bV\ngzZJBLCZQf6gXFcW6CzIiPzCAjsfqRUn1aMYLifbDO72EEuwVBir/xlTi+MPMQ5u\nWyk9TrdLF0YB7VfFj7ozda1rLeLfzt+m0RWn6CD4q7nV8NlbgRJQWxUEqTd/X94J\nFMRbCsHkmBqRVFGvfHdqVItESBgkVNrIe8iW1A5N0RrEa/QKeKVgU3WOzzjqjLaK\nwm4FCZn44JaRk+gCK3faN+CgIc39BpMpAtDC5j8LKWCktjbMB/cdRFffbVBdEdI2\nO5RbXK0THM7xeJ2Kj9N368EKR2+cUZUDMEKLrVAWahiy4k6fLApm83FoMBpBjyxH\nKKCt3yqowi+Q9xyIuCspRo7qzST4XuEKdMqXZVEqOak2OiLukg30lvTHsCclIoIz\n5awW6WEC+jOdvszI9hzzS/BbPbcZrRy4XK4SWD0gx+TDLCaKNcwvdDSga9cA3VRg\n9hMUG6dSge8eVFKfAUuiH/wsWy22f/H0IqC4LZb5Zwx3cgxKsQr591Q5RJUCAwEA\nAQKCAgBj9y8bifbfS1JILEuLYC98knhtMr+Nw5hFjPPLnsvU7DbfawXgnRymiJ1S\npg3XP77lgaWTLP0CUzRaSKZ34crosqbZuYdQ3UIjqWoa+f01rtdGJTfCPmKrUXti\n4onxdueu0AjCZ+4qAj+G1g6+XwtT+nb6fQZueRif1WJrVzfEO+n7fFSE7Fq9CfxV\n8jo6GUS6XAt5OEGiCifpoI5Fe7td1BiQYXKR06EN5x6cbn7fd68Qb2UTGW+91DMy\n3o4RDT73cpuv+NYc3Z5QUyDOAkE5vTrtfbe2c56ITOT0FwgFHrjLlQpBEAVpm4RU\naJjAB73SN1Lpvj90/Wd8HO72JuKuy2BFCitA2f8hlbJW9kQoADNcoEG8THG+ZMFL\ndYJeVM8iW8lw2N7z+hCPGTL3uCtssBCniHKUp3qSkZBQMJMUT54WqbgOM2ry5iRq\nsSJF4FgWuGHOJ4JyuGvrglzXjdbwcnaAC7kY0NfdhaqCMcz2p1eO9qdh1Eom3ZSA\nA90XnYB+YM24UGRrpJB7DEa1L5MIq/6Q/h89x9JGNFatvAoPEhzKwu2Zk6XrCM/t\n4LvcsV22qTC7gzyjEWe7cQYeYZz6tIikCWdnDg3phpjwoIg2JYakiqCLSy7enjGT\nFK+qimyqiJIjeQtXEfP3xS0baHn+D94w88rbgKXTOu1AHQTzYQKCAQEAwHUZdaOn\nUVP67YRvyIXg0wbZfuAFUeD4rfi8vR7ZZdIT0m3qJmV5CT+/yA+8FJ9dxWqxui3i\nCjETIE4M7ui4+HXcu7VzFIja4XxMGtzkMSkAnJ22IEqrRZya7Z0ka7bmmbuOruBZ\nB6MbLiQum2elhyjAb7j/YLqwAHx2qxvTjjNoUcy+gL07aD9SCePQoS2FDUNchF/I\nYldhTIPDiTIfVJjq3D2IMDqr910PYbxf89wZ2LyHh4tPN1scKVZUdTUOguFVKVam\ngj8zjMKJJ6W6cX3HTKqTOku5Y4u+r69/oiZBC8Ll3U74ogGFEN+GPTvdLR6NhumX\nDx9XAwpR/lV6KQKCAQEA1qibbgNBpe9t95lr0ow/5jl66Iab2f+JgZP+JdN8rz2P\niL7C/V6Au3qcFPv/pDnZvGdrqx4A44520knzDhAKz8NMxiYhW919Z+KBfeNJX4YL\nfNgpugs8K58ru8VNr+7wAcyBPOEkwWv0hlLzXxWx1uPfwTnN5GhT4rZiQQ9CDCkB\n7OV+mibCOsOb0LbUJdSYY/2vVwS3sMMxWDI9T3lSKoWg5s2yAZ+5bQjbyerr1Tib\nRbZWTxIXT3fCJpiGZ5HfuO1/5gYRQ4eHbMFqZSL1Qxon3IkXaUZWvlYc1XbRpjrI\nhxLkECENe9qNXS/5iRQpqI19gAGSpqTscU3uYZScjQKCAQBO+7/HF7LDHcQNVhzK\nHqd184mvGCEWyU1FmJ9cvhxaPS0FXzaJK3vQ3+jFIi/+BqllK7RkxA/QPvOqfl2w\nbrH6xeQg5QallsS9ZVWWcLD1u+4UWGU2O26u0uaCPcuEqTtaPC8CdfATwkyVUyQN\ngyvbnE3di/7Co9s3V90bu//GjDJz36MPEpoe3l280VH908CXAN4nNWf3dATqcej9\nlSRmg5tfZ6FMqceJbRey9KwsWFgDKtw0NGf+P9X+4P8oWu3pqLBalsUfDvEJA41m\nSA2MJiJ0xExH0Gv0/pTzZQLseOaY/RN5D7/aPOVvV0ywNLFAoxlSFOt5uVLsXH/p\n8QqBAoIBAHHwz4gGvHr661EpI71/6o8m5aG1idaeOHwKdTXY228dayn3sALTfduG\nCoFs/dZLStMhxlnvNCOVxGZ9EEHfrA16Ki9nn/9mQyG4bmnHEnRc744WI5f4TLkO\n5STnZwRC/SzHQ7Zv/5WX2xTNxRcsqdhZ3rRvHWXnJtfJXcAQ/Er+HWKEsr3aYvDU\nUcnoshVekoFI8CBthZ+TDIc3K6oayM1/XtgEST9pbAB/WkMEqqfkQy8uyQNxo+Pv\nuqPIBFfHa4x6rJAJmnJQ50aIKBSFCNDUemIqdr3Ps02W4flA96mXvEdOdLZHBSQ/\n7xeO1pK3nCE28W3X5+MC2eqOpkEvpCUCggEAeaQizX3Fm+lUh4f/gNIYxFwVO6WF\n0LcdrkiWuOpQ/OgnRNyqIXYjMMCGTX/iDM7txX6kIR4+MoGVDpfhmoGAJcV+uICS\nf3E6TEsbBkiWxXBGY68aMlyWv0XBTKsFtFcTEgVzCd0ym9miSMs3T2VaUoE7Ntke\n6emukvx+kQAisqMRK0fFe5UpFs40BjnxYHEwh5wD1+bN5SxVCbskFufd6fVUd290\nGbBwrVN1Ef7FGVKWzTIjt1XW4FRNEpXdRdxMHb+tMj8jniL2qfDbC8VZ2htbUcWn\nfKPi76pUeJYWeSdKCEX0xSMNtUSAnlOXAER1veegh6lnhbSeT21aaoJxDQ==\n-----END RSA PRIVATE KEY-----\n",
            "private_key_pem_pkcs8": "-----BEGIN PRIVATE KEY-----\nMIIJQQIBADANBgkqhkiG9w0BAQEFAASCCSswggknAgEAAoICAQChYKT6py8oM4Qz\nHn/xvzs8Z19S76QWsiD8rAH/C5SYramrjQoOO3jzcLq5p2fIvsd2iP7wgo7mTgvA\nPcCAywRCcto/wUAaDz3I2I4jGWHiWZzXAjACdc/ygaDSQBXrVaw0o8YTsPpueBYa\nR8IhHf7FPywNeCoYTMZWqwrbZF15mCfzRtWDNkkEsJlB/qBcVxboLMiI/MICOx+p\nFSfVoxguJ9sM7vYQS7BUGKv/GVOL4w8xDm5bKT1Ot0sXRgHtV8WPujN1rWst4t/O\n36bRFafoIPirudXw2VuBElBbFQSpN39f3gkUxFsKweSYGpFUUa98d2pUi0RIGCRU\n2sh7yJbUDk3RGsRr9Ap4pWBTdY7POOqMtorCbgUJmfjglpGT6AIrd9o34KAhzf0G\nkykC0MLmPwspYKS2NswH9x1EV99tUF0R0jY7lFtcrRMczvF4nYqP03frwQpHb5xR\nlQMwQoutUBZqGLLiTp8sCmbzcWgwGkGPLEcooK3fKqjCL5D3HIi4KylGjurNJPhe\n4Qp0ypdlUSo5qTY6Iu6SDfSW9MewJyUigjPlrBbpYQL6M52+zMj2HPNL8Fs9txmt\nHLhcrhJYPSDH5MMsJoo1zC90NKBr1wDdVGD2ExQbp1KB7x5UUp8BS6If/CxbLbZ/\n8fQioLgtlvlnDHdyDEqxCvn3VDlElQIDAQABAoICAGP3LxuJ9t9LUkgsS4tgL3yS\neG0yv43DmEWM88uey9TsNt9rBeCdHKaInVKmDdc/vuWBpZMs/QJTNFpIpnfhyuiy\nptm5h1DdQiOpahr5/TWu10YlN8I+YqtRe2LiifF2567QCMJn7ioCP4bWDr5fC1P6\ndvp9Bm55GJ/VYmtXN8Q76ft8VITsWr0J/FXyOjoZRLpcC3k4QaIKJ+mgjkV7u13U\nGJBhcpHToQ3nHpxuft93rxBvZRMZb73UMzLejhENPvdym6/41hzdnlBTIM4CQTm9\nOu19t7ZznohM5PQXCAUeuMuVCkEQBWmbhFRomMAHvdI3Uum+P3T9Z3wc7vYm4q7L\nYEUKK0DZ/yGVslb2RCgAM1ygQbxMcb5kwUt1gl5UzyJbyXDY3vP6EI8ZMve4K2yw\nEKeIcpSnepKRkFAwkxRPnhapuA4zavLmJGqxIkXgWBa4Yc4ngnK4a+uCXNeN1vBy\ndoALuRjQ192FqoIxzPanV472p2HUSibdlIAD3RedgH5gzbhQZGukkHsMRrUvkwir\n/pD+Hz3H0kY0Vq28Cg8SHMrC7ZmTpesIz+3gu9yxXbapMLuDPKMRZ7txBh5hnPq0\niKQJZ2cODemGmPCgiDYlhqSKoItLLt6eMZMUr6qKbKqIkiN5C1cR8/fFLRtoef4P\n3jDzytuApdM67UAdBPNhAoIBAQDAdRl1o6dRU/rthG/IheDTBtl+4AVR4Pit+Ly9\nHtll0hPSbeomZXkJP7/ID7wUn13FarG6LeIKMRMgTgzu6Lj4ddy7tXMUiNrhfEwa\n3OQxKQCcnbYgSqtFnJrtnSRrtuaZu46u4FkHoxsuJC6bZ6WHKMBvuP9gurAAfHar\nG9OOM2hRzL6AvTtoP1IJ49ChLYUNQ1yEX8hiV2FMg8OJMh9UmOrcPYgwOqv3XQ9h\nvF/z3BnYvIeHi083WxwpVlR1NQ6C4VUpVqaCPzOMwoknpbpxfcdMqpM6S7lji76v\nr3+iJkELwuXdTviiAYUQ34Y9O90tHo2G6ZcPH1cDClH+VXopAoIBAQDWqJtuA0Gl\n7233mWvSjD/mOXrohpvZ/4mBk/4l03yvPY+IvsL9XoC7epwU+/+kOdm8Z2urHgDj\njnbSSfMOEArPw0zGJiFb3X1n4oF940lfhgt82Cm6Czwrnyu7xU2v7vABzIE84STB\na/SGUvNfFbHW49/BOc3kaFPitmJBD0IMKQHs5X6aJsI6w5vQttQl1Jhj/a9XBLew\nwzFYMj1PeVIqhaDmzbIBn7ltCNvJ6uvVOJtFtlZPEhdPd8ImmIZnkd+47X/mBhFD\nh4dswWplIvVDGifciRdpRla+VhzVdtGmOsiHEuQQIQ172o1dL/mJFCmojX2AAZKm\npOxxTe5hlJyNAoIBAE77v8cXssMdxA1WHMoep3Xzia8YIRbJTUWYn1y+HFo9LQVf\nNokre9Df6MUiL/4GqWUrtGTED9A+86p+XbBusfrF5CDlBqWWxL1lVZZwsPW77hRY\nZTY7bq7S5oI9y4SpO1o8LwJ18BPCTJVTJA2DK9ucTd2L/sKj2zdX3Ru7/8aMMnPf\now8Smh7eXbzRUf3TwJcA3ic1Z/d0BOpx6P2VJGaDm19noUypx4ltF7L0rCxYWAMq\n3DQ0Z/4/1f7g/yha7emosFqWxR8O8QkDjWZIDYwmInTETEfQa/T+lPNlAux45pj9\nE3kPv9o85W9XTLA0sUCjGVIU63m5Uuxcf+nxCoECggEAcfDPiAa8evrrUSkjvX/q\njyblobWJ1p44fAp1Ndjbbx1rKfewAtN924YKgWz91ktK0yHGWe80I5XEZn0QQd+s\nDXoqL2ef/2ZDIbhuaccSdFzvjhYjl/hMuQ7lJOdnBEL9LMdDtm//lZfbFM3FFyyp\n2FnetG8dZecm18ldwBD8Sv4dYoSyvdpi8NRRyeiyFV6SgUjwIG2Fn5MMhzcrqhrI\nzX9e2ARJP2lsAH9aQwSqp+RDLy7JA3Gj4++6o8gEV8drjHqskAmaclDnRogoFIUI\n0NR6Yip2vc+zTZbh+UD3qZe8R050tkcFJD/vF47WkrecITbxbdfn4wLZ6o6mQS+k\nJQKCAQB5pCLNfcWb6VSHh/+A0hjEXBU7pYXQtx2uSJa46lD86CdE3KohdiMwwIZN\nf+IMzu3FfqQhHj4ygZUOl+GagYAlxX64gJJ/cTpMSxsGSJbFcEZjrxoyXJa/RcFM\nqwW0VxMSBXMJ3TKb2aJIyzdPZVpSgTs22R7p6a6S/H6RACKyoxErR8V7lSkWzjQG\nOfFgcTCHnAPX5s3lLFUJuyQW593p9VR3b3QZsHCtU3UR/sUZUpbNMiO3VdbgVE0S\nld1F3Ewdv60yPyOeIvap8NsLxVnaG1tRxad8o+LvqlR4lhZ5J0oIRfTFIw21RICe\nU5cARHW956CHqWeFtJ5PbVpqgnEN\n-----END PRIVATE KEY-----\n",
            "public_key_fingerprint_md5": "0b:ad:02:f9:2d:83:59:01:b4:f4:55:89:0c:70:a8:5b",
            "public_key_fingerprint_sha256": "SHA256:gxN7QrRJF28aUVGKk/TV2Ch+JCCQYOdtBcbMAaDnHw8",
            "public_key_openssh": "ssh-rsa AAAAB3NzaC1yc2EAAAADAQABAAACAQChYKT6py8oM4QzHn/xvzs8Z19S76QWsiD8rAH/C5SYramrjQoOO3jzcLq5p2fIvsd2iP7wgo7mTgvAPcCAywRCcto/wUAaDz3I2I4jGWHiWZzXAjACdc/ygaDSQBXrVaw0o8YTsPpueBYaR8IhHf7FPywNeCoYTMZWqwrbZF15mCfzRtWDNkkEsJlB/qBcVxboLMiI/MICOx+pFSfVoxguJ9sM7vYQS7BUGKv/GVOL4w8xDm5bKT1Ot0sXRgHtV8WPujN1rWst4t/O36bRFafoIPirudXw2VuBElBbFQSpN39f3gkUxFsKweSYGpFUUa98d2pUi0RIGCRU2sh7yJbUDk3RGsRr9Ap4pWBTdY7POOqMtorCbgUJmfjglpGT6AIrd9o34KAhzf0GkykC0MLmPwspYKS2NswH9x1EV99tUF0R0jY7lFtcrRMczvF4nYqP03frwQpHb5xRlQMwQoutUBZqGLLiTp8sCmbzcWgwGkGPLEcooK3fKqjCL5D3HIi4KylGjurNJPhe4Qp0ypdlUSo5qTY6Iu6SDfSW9MewJyUigjPlrBbpYQL6M52+zMj2HPNL8Fs9txmtHLhcrhJYPSDH5MMsJoo1zC90NKBr1wDdVGD2ExQbp1KB7x5UUp8BS6If/CxbLbZ/8fQioLgtlvlnDHdyDEqxCvn3VDlElQ==\n",
            "public_key_pem": "-----BEGIN PUBLIC KEY-----\nMIICIjANBgkqhkiG9w0BAQEFAAOCAg8AMIICCgKCAgEAoWCk+qcvKDOEMx5/8b87\nPGdfUu+kFrIg/KwB/wuUmK2pq40KDjt483C6uadnyL7Hdoj+8IKO5k4LwD3AgMsE\nQnLaP8FAGg89yNiOIxlh4lmc1wIwAnXP8oGg0kAV61WsNKPGE7D6bngWGkfCIR3+\nxT8sDXgqGEzGVqsK22RdeZgn80bVgzZJBLCZQf6gXFcW6CzIiPzCAjsfqRUn1aMY\nLifbDO72EEuwVBir/xlTi+MPMQ5uWyk9TrdLF0YB7VfFj7ozda1rLeLfzt+m0RWn\n6CD4q7nV8NlbgRJQWxUEqTd/X94JFMRbCsHkmBqRVFGvfHdqVItESBgkVNrIe8iW\n1A5N0RrEa/QKeKVgU3WOzzjqjLaKwm4FCZn44JaRk+gCK3faN+CgIc39BpMpAtDC\n5j8LKWCktjbMB/cdRFffbVBdEdI2O5RbXK0THM7xeJ2Kj9N368EKR2+cUZUDMEKL\nrVAWahiy4k6fLApm83FoMBpBjyxHKKCt3yqowi+Q9xyIuCspRo7qzST4XuEKdMqX\nZVEqOak2OiLukg30lvTHsCclIoIz5awW6WEC+jOdvszI9hzzS/BbPbcZrRy4XK4S\nWD0gx+TDLCaKNcwvdDSga9cA3VRg9hMUG6dSge8eVFKfAUuiH/wsWy22f/H0IqC4\nLZb5Zwx3cgxKsQr591Q5RJUCAwEAAQ==\n-----END PUBLIC KEY-----\n",
            "rsa_bits": 4096
          },
          "sensitive_attributes": []
        }
      ]
    }
  ],
  "check_results": null
}
