{
  "version": 4,
  "terraform_version": "1.6.5",
  "serial": 4,
  "lineage": "901bf29c-d455-9f40-f1e2-518b41b8dbb9",
  "outputs": {},
  "resources": [
    {
      "mode": "data",
      "type": "archive_file",
      "name": "python_layer_code_zip",
      "provider": "provider[\"registry.terraform.io/hashicorp/archive\"]",
      "instances": [
        {
          "schema_version": 0,
          "attributes": {
            "exclude_symlink_directories": null,
            "excludes": null,
            "id": "c8a6cfae566866b89ee65e06442179e122ed9336",
            "output_base64sha256": "GqqVZXznWfY9Er81MeSAWcIMnFPOQ0VNHp4I7q+pGrE=",
            "output_base64sha512": "qy87NADctw/M07ZOO25wHp39XJVjYpAyuzpDpBM4IgBlREU8naxczopVCEgji2r+9Kq3Bkarq+2BMfc2kZWY9Q==",
            "output_file_mode": null,
            "output_md5": "3b23e52d80f508f756faf5402b4dbe85",
            "output_path": "./python.zip",
            "output_sha": "c8a6cfae566866b89ee65e06442179e122ed9336",
            "output_sha256": "1aaa95657ce759f63d12bf3531e48059c20c9c53ce43454d1e9e08eeafa91ab1",
            "output_sha512": "ab2f3b3400dcb70fccd3b64e3b6e701e9dfd5c9563629032bb3a43a4133822006544453c9dac5cce8a550848238b6afef4aab70646ababed8131f736919598f5",
            "output_size": 9985362,
            "source": [],
            "source_content": null,
            "source_content_filename": null,
            "source_dir": "./python_lib",
            "source_file": null,
            "type": "zip"
          },
          "sensitive_attributes": []
        }
      ]
    },
    {
      "mode": "managed",
      "type": "aws_lambda_layer_version",
      "name": "lambda_python_layer",
      "provider": "provider[\"registry.terraform.io/hashicorp/aws\"]",
      "instances": [
        {
          "schema_version": 0,
          "attributes": {
            "arn": "arn:aws:lambda:eu-west-2:259943215050:layer:python_dependency-dev:1",
            "compatible_architectures": null,
            "compatible_runtimes": null,
            "created_date": "2023-12-13T13:37:56.006+0000",
            "description": "",
            "filename": "./python.zip",
            "id": "arn:aws:lambda:eu-west-2:259943215050:layer:python_dependency-dev:1",
            "layer_arn": "arn:aws:lambda:eu-west-2:259943215050:layer:python_dependency-dev",
            "layer_name": "python_dependency-dev",
            "license_info": "",
            "s3_bucket": null,
            "s3_key": null,
            "s3_object_version": null,
            "signing_job_arn": "",
            "signing_profile_version_arn": "",
            "skip_destroy": false,
            "source_code_hash": "GqqVZXznWfY9Er81MeSAWcIMnFPOQ0VNHp4I7q+pGrE=",
            "source_code_size": 9985362,
            "version": "1"
          },
          "sensitive_attributes": [],
          "private": "bnVsbA==",
          "dependencies": [
            "data.archive_file.python_layer_code_zip",
            "null_resource.python"
          ]
        }
      ]
    },
    {
      "mode": "managed",
      "type": "null_resource",
      "name": "python",
      "provider": "provider[\"registry.terraform.io/hashicorp/null\"]",
      "instances": [
        {
          "schema_version": 0,
          "attributes": {
            "id": "2953863409054569000",
            "triggers": null
          },
          "sensitive_attributes": []
        }
      ]
    }
  ],
  "check_results": null
}
