{
  "version": 4,
  "terraform_version": "1.6.5",
  "serial": 4,
  "lineage": "f2627dde-4f1d-c032-4050-5730ba87be46",
  "outputs": {},
  "resources": [
    {
      "mode": "data",
      "type": "archive_file",
      "name": "node_layer_code_zip",
      "provider": "provider[\"registry.terraform.io/hashicorp/archive\"]",
      "instances": [
        {
          "schema_version": 0,
          "attributes": {
            "exclude_symlink_directories": null,
            "excludes": null,
            "id": "ee1015afa84d050419b7d9589bc1345f94853e0d",
            "output_base64sha256": "sNk5mYi27MSU9UhBUonlDm4wumNq8udxms3DhGYjVEs=",
            "output_base64sha512": "PMSm582kKv4za8fTb4bApNGmWW6DiXa73SXRVj8jEePW3cSDzTHiYuLxHH312tIm090ZG0CpeE7ur4kf4o1wKA==",
            "output_file_mode": null,
            "output_md5": "9c3ec39ed513bfdc49bc2d94a6c0dec1",
            "output_path": "./nodejs.zip",
            "output_sha": "ee1015afa84d050419b7d9589bc1345f94853e0d",
            "output_sha256": "b0d9399988b6ecc494f548415289e50e6e30ba636af2e7719acdc3846623544b",
            "output_sha512": "3cc4a6e7cda42afe336bc7d36f86c0a4d1a6596e838976bbdd25d1563f2311e3d6ddc483cd31e262e2f11c7df5dad226d3dd191b40a9784eeeaf891fe28d7028",
            "output_size": 60417,
            "source": [],
            "source_content": null,
            "source_content_filename": null,
            "source_dir": "./nodejs",
            "source_file": null,
            "type": "zip"
          },
          "sensitive_attributes": []
        }
      ]
    },
    {
      "mode": "managed",
      "type": "aws_lambda_layer_version",
      "name": "lambda_node_layer",
      "provider": "provider[\"registry.terraform.io/hashicorp/aws\"]",
      "instances": [
        {
          "schema_version": 0,
          "attributes": {
            "arn": "arn:aws:lambda:eu-west-2:259943215050:layer:node_dependency:1",
            "compatible_architectures": null,
            "compatible_runtimes": null,
            "created_date": "2023-12-13T13:40:54.141+0000",
            "description": "",
            "filename": "./nodejs.zip",
            "id": "arn:aws:lambda:eu-west-2:259943215050:layer:node_dependency:1",
            "layer_arn": "arn:aws:lambda:eu-west-2:259943215050:layer:node_dependency",
            "layer_name": "node_dependency",
            "license_info": "",
            "s3_bucket": null,
            "s3_key": null,
            "s3_object_version": null,
            "signing_job_arn": "",
            "signing_profile_version_arn": "",
            "skip_destroy": false,
            "source_code_hash": "sNk5mYi27MSU9UhBUonlDm4wumNq8udxms3DhGYjVEs=",
            "source_code_size": 60417,
            "version": "1"
          },
          "sensitive_attributes": [],
          "private": "bnVsbA==",
          "dependencies": [
            "data.archive_file.node_layer_code_zip",
            "null_resource.nodejs"
          ]
        }
      ]
    },
    {
      "mode": "managed",
      "type": "null_resource",
      "name": "nodejs",
      "provider": "provider[\"registry.terraform.io/hashicorp/null\"]",
      "instances": [
        {
          "schema_version": 0,
          "attributes": {
            "id": "9081581155617915790",
            "triggers": null
          },
          "sensitive_attributes": []
        }
      ]
    }
  ],
  "check_results": null
}
